
Microsoft Visual Studio Solution File, Format Version 12.00
# Visual Studio Version 16
VisualStudioVersion = 16.0.31112.23
MinimumVisualStudioVersion = 10.0.40219.1
Project("{FAE04EC0-301F-11D3-BF4B-00C04F79EFBC}") = "lab6", "lab6.csproj", "{A9A4EA8F-972E-40A3-A136-D9FA360EEE1D}"
EndProject
Global
	GlobalSection(SolutionConfigurationPlatforms) = preSolution
		Debug|Any CPU = Debug|Any CPU
		Release|Any CPU = Release|Any CPU
	EndGlobalSection
	GlobalSection(ProjectConfigurationPlatforms) = postSolution
		{A9A4EA8F-972E-40A3-A136-D9FA360EEE1D}.Debug|Any CPU.ActiveCfg = Debug|Any CPU
		{A9A4EA8F-972E-40A3-A136-D9FA360EEE1D}.Debug|Any CPU.Build.0 = Debug|Any CPU
		{A9A4EA8F-972E-40A3-A136-D9FA360EEE1D}.Release|Any CPU.ActiveCfg = Release|Any CPU
		{A9A4EA8F-972E-40A3-A136-D9FA360EEE1D}.Release|Any CPU.Build.0 = Release|Any CPU
	EndGlobalSection
	GlobalSection(SolutionProperties) = preSolution
		HideSolutionNode = FALSE
	EndGlobalSection
	GlobalSection(ExtensibilityGlobals) = postSolution
		SolutionGuid = {8B4A953C-875F-4AE3-956B-100D041A7326}
	EndGlobalSection
EndGlobal
